
Microsoft Visual Studio Solution File, Format Version 12.00
# Visual Studio Version 17
VisualStudioVersion = 17.14.36518.9 d17.14
MinimumVisualStudioVersion = 10.0.40219.1
Project("{FAE04EC0-301F-11D3-BF4B-00C04F79EFBC}") = "LMS.GUI", "LMS.GUI\LMS.GUI.csproj", "{2D1253D8-A462-40A4-960A-881A3F60483C}"
EndProject
Project("{FAE04EC0-301F-11D3-BF4B-00C04F79EFBC}") = "LMS.DAL", "LMS.DAL\LMS.DAL.csproj", "{CA6231A0-3FC4-4E1B-B776-7A4331870305}"
EndProject
Project("{FAE04EC0-301F-11D3-BF4B-00C04F79EFBC}") = "LMS.BUS", "LMS.BUS\LMS.BUS.csproj", "{528CA9B3-4A90-49E3-840E-CBD5C3BA72BD}"
EndProject
Global
	GlobalSection(SolutionConfigurationPlatforms) = preSolution
		Debug|Any CPU = Debug|Any CPU
		Release|Any CPU = Release|Any CPU
	EndGlobalSection
	GlobalSection(ProjectConfigurationPlatforms) = postSolution
		{2D1253D8-A462-40A4-960A-881A3F60483C}.Debug|Any CPU.ActiveCfg = Debug|Any CPU
		{2D1253D8-A462-40A4-960A-881A3F60483C}.Debug|Any CPU.Build.0 = Debug|Any CPU
		{2D1253D8-A462-40A4-960A-881A3F60483C}.Release|Any CPU.ActiveCfg = Release|Any CPU
		{2D1253D8-A462-40A4-960A-881A3F60483C}.Release|Any CPU.Build.0 = Release|Any CPU
		{CA6231A0-3FC4-4E1B-B776-7A4331870305}.Debug|Any CPU.ActiveCfg = Debug|Any CPU
		{CA6231A0-3FC4-4E1B-B776-7A4331870305}.Debug|Any CPU.Build.0 = Debug|Any CPU
		{CA6231A0-3FC4-4E1B-B776-7A4331870305}.Release|Any CPU.ActiveCfg = Release|Any CPU
		{CA6231A0-3FC4-4E1B-B776-7A4331870305}.Release|Any CPU.Build.0 = Release|Any CPU
		{528CA9B3-4A90-49E3-840E-CBD5C3BA72BD}.Debug|Any CPU.ActiveCfg = Debug|Any CPU
		{528CA9B3-4A90-49E3-840E-CBD5C3BA72BD}.Debug|Any CPU.Build.0 = Debug|Any CPU
		{528CA9B3-4A90-49E3-840E-CBD5C3BA72BD}.Release|Any CPU.ActiveCfg = Release|Any CPU
		{528CA9B3-4A90-49E3-840E-CBD5C3BA72BD}.Release|Any CPU.Build.0 = Release|Any CPU
	EndGlobalSection
	GlobalSection(SolutionProperties) = preSolution
		HideSolutionNode = FALSE
	EndGlobalSection
	GlobalSection(ExtensibilityGlobals) = postSolution
		SolutionGuid = {A138EEBC-EF10-428A-81CB-D06896738663}
	EndGlobalSection
EndGlobal
